
Microsoft Visual Studio Solution File, Format Version 12.00
# Visual Studio 15
VisualStudioVersion = 15.0.27703.2035
MinimumVisualStudioVersion = 10.0.40219.1
Project("{FAE04EC0-301F-11D3-BF4B-00C04F79EFBC}") = "CinemAPI", "CinemAPI\CinemAPI.csproj", "{48D8CB75-D764-4FFE-807F-B76ACF2561DB}"
EndProject
Project("{FAE04EC0-301F-11D3-BF4B-00C04F79EFBC}") = "CinemAPI.Models", "CinemAPI.Models\CinemAPI.Models.csproj", "{BA334908-BED7-43D3-B885-A8B529EC6D36}"
EndProject
Project("{FAE04EC0-301F-11D3-BF4B-00C04F79EFBC}") = "CinemAPI.Data.Contracts", "CinemAPI.Data\CinemAPI.Data.Contracts.csproj", "{B591E11A-DF58-4DDB-8B92-D3DA896FCCF5}"
EndProject
Project("{FAE04EC0-301F-11D3-BF4B-00C04F79EFBC}") = "CinemAPI.Models.Contracts", "CinemAPI.Models.Contracts\CinemAPI.Models.Contracts.csproj", "{6599FDBF-A597-4B63-8DA6-62BA0958DBCA}"
EndProject
Project("{FAE04EC0-301F-11D3-BF4B-00C04F79EFBC}") = "CinemAPI.IoCContainer", "CinemAPI.IoCContainer\CinemAPI.IoCContainer.csproj", "{6F75CD0F-3529-454C-ACAF-14028FC350A0}"
EndProject
Project("{FAE04EC0-301F-11D3-BF4B-00C04F79EFBC}") = "CinemAPI.Data.Implementation", "CinemAPI.Data.Implementation\CinemAPI.Data.Implementation.csproj", "{66A685FD-C5ED-4F5A-BB5E-83E459EE3E97}"
EndProject
Project("{2150E333-8FDC-42A3-9474-1A3956D46DE8}") = "Clients", "Clients", "{09A7558E-5F1B-4834-8D10-F8C89B915A7A}"
EndProject
Project("{2150E333-8FDC-42A3-9474-1A3956D46DE8}") = "Data", "Data", "{10CE1CCA-4944-42AC-80A0-CA8CF99F9CB4}"
EndProject
Project("{2150E333-8FDC-42A3-9474-1A3956D46DE8}") = "Domain", "Domain", "{F2A131BE-C250-40DE-9D4D-473C75987EBA}"
EndProject
Project("{FAE04EC0-301F-11D3-BF4B-00C04F79EFBC}") = "CinemAPI.Domain.Contracts", "CinemAPI.Domain.Contracts\CinemAPI.Domain.Contracts.csproj", "{87F9B363-DB5B-4171-B86D-3CC2D9B5A5BD}"
EndProject
Project("{FAE04EC0-301F-11D3-BF4B-00C04F79EFBC}") = "CinemAPI.Domain", "CinemAPI.Domain\CinemAPI.Domain.csproj", "{E472D7CB-41CA-4F83-B47A-BFA6D406DFC0}"
EndProject
Project("{2150E333-8FDC-42A3-9474-1A3956D46DE8}") = "Models", "Models", "{0FC898DE-8E42-4095-8CCF-181FEA36013C}"
EndProject
Project("{FAE04EC0-301F-11D3-BF4B-00C04F79EFBC}") = "CinemAPI.Data.EF", "CinemAPI.Data.EF\CinemAPI.Data.EF.csproj", "{C589E68E-1612-44B0-BFAF-180347B4C8C1}"
EndProject
Global
	GlobalSection(SolutionConfigurationPlatforms) = preSolution
		Debug|Any CPU = Debug|Any CPU
		Release|Any CPU = Release|Any CPU
	EndGlobalSection
	GlobalSection(ProjectConfigurationPlatforms) = postSolution
		{48D8CB75-D764-4FFE-807F-B76ACF2561DB}.Debug|Any CPU.ActiveCfg = Debug|Any CPU
		{48D8CB75-D764-4FFE-807F-B76ACF2561DB}.Debug|Any CPU.Build.0 = Debug|Any CPU
		{48D8CB75-D764-4FFE-807F-B76ACF2561DB}.Release|Any CPU.ActiveCfg = Release|Any CPU
		{48D8CB75-D764-4FFE-807F-B76ACF2561DB}.Release|Any CPU.Build.0 = Release|Any CPU
		{BA334908-BED7-43D3-B885-A8B529EC6D36}.Debug|Any CPU.ActiveCfg = Debug|Any CPU
		{BA334908-BED7-43D3-B885-A8B529EC6D36}.Debug|Any CPU.Build.0 = Debug|Any CPU
		{BA334908-BED7-43D3-B885-A8B529EC6D36}.Release|Any CPU.ActiveCfg = Release|Any CPU
		{BA334908-BED7-43D3-B885-A8B529EC6D36}.Release|Any CPU.Build.0 = Release|Any CPU
		{B591E11A-DF58-4DDB-8B92-D3DA896FCCF5}.Debug|Any CPU.ActiveCfg = Debug|Any CPU
		{B591E11A-DF58-4DDB-8B92-D3DA896FCCF5}.Debug|Any CPU.Build.0 = Debug|Any CPU
		{B591E11A-DF58-4DDB-8B92-D3DA896FCCF5}.Release|Any CPU.ActiveCfg = Release|Any CPU
		{B591E11A-DF58-4DDB-8B92-D3DA896FCCF5}.Release|Any CPU.Build.0 = Release|Any CPU
		{6599FDBF-A597-4B63-8DA6-62BA0958DBCA}.Debug|Any CPU.ActiveCfg = Debug|Any CPU
		{6599FDBF-A597-4B63-8DA6-62BA0958DBCA}.Debug|Any CPU.Build.0 = Debug|Any CPU
		{6599FDBF-A597-4B63-8DA6-62BA0958DBCA}.Release|Any CPU.ActiveCfg = Release|Any CPU
		{6599FDBF-A597-4B63-8DA6-62BA0958DBCA}.Release|Any CPU.Build.0 = Release|Any CPU
		{6F75CD0F-3529-454C-ACAF-14028FC350A0}.Debug|Any CPU.ActiveCfg = Debug|Any CPU
		{6F75CD0F-3529-454C-ACAF-14028FC350A0}.Debug|Any CPU.Build.0 = Debug|Any CPU
		{6F75CD0F-3529-454C-ACAF-14028FC350A0}.Release|Any CPU.ActiveCfg = Release|Any CPU
		{6F75CD0F-3529-454C-ACAF-14028FC350A0}.Release|Any CPU.Build.0 = Release|Any CPU
		{66A685FD-C5ED-4F5A-BB5E-83E459EE3E97}.Debug|Any CPU.ActiveCfg = Debug|Any CPU
		{66A685FD-C5ED-4F5A-BB5E-83E459EE3E97}.Debug|Any CPU.Build.0 = Debug|Any CPU
		{66A685FD-C5ED-4F5A-BB5E-83E459EE3E97}.Release|Any CPU.ActiveCfg = Release|Any CPU
		{66A685FD-C5ED-4F5A-BB5E-83E459EE3E97}.Release|Any CPU.Build.0 = Release|Any CPU
		{87F9B363-DB5B-4171-B86D-3CC2D9B5A5BD}.Debug|Any CPU.ActiveCfg = Debug|Any CPU
		{87F9B363-DB5B-4171-B86D-3CC2D9B5A5BD}.Debug|Any CPU.Build.0 = Debug|Any CPU
		{87F9B363-DB5B-4171-B86D-3CC2D9B5A5BD}.Release|Any CPU.ActiveCfg = Release|Any CPU
		{87F9B363-DB5B-4171-B86D-3CC2D9B5A5BD}.Release|Any CPU.Build.0 = Release|Any CPU
		{E472D7CB-41CA-4F83-B47A-BFA6D406DFC0}.Debug|Any CPU.ActiveCfg = Debug|Any CPU
		{E472D7CB-41CA-4F83-B47A-BFA6D406DFC0}.Debug|Any CPU.Build.0 = Debug|Any CPU
		{E472D7CB-41CA-4F83-B47A-BFA6D406DFC0}.Release|Any CPU.ActiveCfg = Release|Any CPU
		{E472D7CB-41CA-4F83-B47A-BFA6D406DFC0}.Release|Any CPU.Build.0 = Release|Any CPU
		{C589E68E-1612-44B0-BFAF-180347B4C8C1}.Debug|Any CPU.ActiveCfg = Debug|Any CPU
		{C589E68E-1612-44B0-BFAF-180347B4C8C1}.Debug|Any CPU.Build.0 = Debug|Any CPU
		{C589E68E-1612-44B0-BFAF-180347B4C8C1}.Release|Any CPU.ActiveCfg = Release|Any CPU
		{C589E68E-1612-44B0-BFAF-180347B4C8C1}.Release|Any CPU.Build.0 = Release|Any CPU
	EndGlobalSection
	GlobalSection(SolutionProperties) = preSolution
		HideSolutionNode = FALSE
	EndGlobalSection
	GlobalSection(NestedProjects) = preSolution
		{48D8CB75-D764-4FFE-807F-B76ACF2561DB} = {09A7558E-5F1B-4834-8D10-F8C89B915A7A}
		{BA334908-BED7-43D3-B885-A8B529EC6D36} = {0FC898DE-8E42-4095-8CCF-181FEA36013C}
		{B591E11A-DF58-4DDB-8B92-D3DA896FCCF5} = {10CE1CCA-4944-42AC-80A0-CA8CF99F9CB4}
		{6599FDBF-A597-4B63-8DA6-62BA0958DBCA} = {0FC898DE-8E42-4095-8CCF-181FEA36013C}
		{66A685FD-C5ED-4F5A-BB5E-83E459EE3E97} = {10CE1CCA-4944-42AC-80A0-CA8CF99F9CB4}
		{87F9B363-DB5B-4171-B86D-3CC2D9B5A5BD} = {F2A131BE-C250-40DE-9D4D-473C75987EBA}
		{E472D7CB-41CA-4F83-B47A-BFA6D406DFC0} = {F2A131BE-C250-40DE-9D4D-473C75987EBA}
		{0FC898DE-8E42-4095-8CCF-181FEA36013C} = {10CE1CCA-4944-42AC-80A0-CA8CF99F9CB4}
		{C589E68E-1612-44B0-BFAF-180347B4C8C1} = {10CE1CCA-4944-42AC-80A0-CA8CF99F9CB4}
	EndGlobalSection
	GlobalSection(ExtensibilityGlobals) = postSolution
		SolutionGuid = {79EE1212-9184-4A3F-988F-6AC627D1978F}
	EndGlobalSection
EndGlobal
